{
  "version": 4,
  "terraform_version": "1.13.4",
  "serial": 5,
  "lineage": "9c9ae6c1-f44b-4276-de8e-83bc5a20aab1",
  "outputs": {
    "external_ip_address_vm_1": {
      "value": "89.169.133.37",
      "type": "string"
    },
    "internal_ip_address_vm_1": {
      "value": "10.2.0.34",
      "type": "string"
    }
  },
  "resources": [
    {
      "mode": "managed",
      "type": "yandex_compute_instance",
      "name": "vm-1",
      "provider": "provider[\"registry.terraform.io/yandex-cloud/yandex\"]",
      "instances": [
        {
          "schema_version": 1,
          "attributes": {
            "allow_recreate": null,
            "allow_stopping_for_update": null,
            "boot_disk": [
              {
                "auto_delete": true,
                "device_name": "fhm5mfg6obvnsc82p5up",
                "disk_id": "fhm5mfg6obvnsc82p5up",
                "initialize_params": [
                  {
                    "block_size": 4096,
                    "description": "",
                    "image_id": "fd8odkf13cojinlnc64n",
                    "kms_key_id": "",
                    "name": "",
                    "size": 10,
                    "snapshot_id": "",
                    "type": "network-hdd"
                  }
                ],
                "mode": "READ_WRITE"
              }
            ],
            "created_at": "2025-10-23T21:37:24Z",
            "description": "",
            "filesystem": [],
            "folder_id": "b1gpn6renldvhntu829h",
            "fqdn": "fhm20c71di2t6ra7h2ds.auto.internal",
            "gpu_cluster_id": "",
            "hardware_generation": [
              {
                "generation2_features": [],
                "legacy_features": [
                  {
                    "pci_topology": "PCI_TOPOLOGY_V2"
                  }
                ]
              }
            ],
            "hostname": "",
            "id": "fhm20c71di2t6ra7h2ds",
            "labels": null,
            "local_disk": [],
            "maintenance_grace_period": "",
            "maintenance_policy": null,
            "metadata": {
              "ssh-keys": "ubuntu:ssh-rsa AAAAB3NzaC1yc2EAAAADAQABAAABgQCyWZeWZ6zgEOpUswbrUwW8pZSiklKtlJbanuk/Nrleg+1R7HQ8V1I1iQHCGNlhb/MnC+tlCpLa/8HEjA5/UDNo2sYsFYnIPEots+Yx0pqgF905AH4Blugr5/w3nLEd9UoELYlcsoUGznU2TFBsJ2/1orfb+HBe0UQX9d0i7i3PtXbJUGz00tVv0qbdmlqpIinamYiDkZEl0VI4mjFV6mo7TgDkWBg82OMWCb89nap4GffinhusGYmOO8JaJQHi6ZB7suMtbfhrNg4RtRN4htrqgAoDr3L3MDTECMUD8Fz3IdQxeSpSjw+tkx4KBX81LzZ3y0gWHT2IoviGL0PFAXUfAXHOYWvwHpOteIp/+O2K3HQ0xHa9vN7X6oZa+zehUNNeAgWe3tvSthi2wr1Txf0/wwn+uXn5qahvr4FOOSHZl1uAEz9kTtTktoHWiu/Wtz5wbbo+t7Vg3ePVRp3qItTKhm0PkWKn4yXwUX0toTyK9alADSz91kIE5kXlh4LwG48= ddneykov@myvm\n"
            },
            "metadata_options": [
              {
                "aws_v1_http_endpoint": 1,
                "aws_v1_http_token": 2,
                "gce_http_endpoint": 1,
                "gce_http_token": 1
              }
            ],
            "name": "from-terraform-vm",
            "network_acceleration_type": "standard",
            "network_interface": [
              {
                "dns_record": [],
                "index": 0,
                "ip_address": "10.2.0.34",
                "ipv4": true,
                "ipv6": false,
                "ipv6_address": "",
                "ipv6_dns_record": [],
                "mac_address": "d0:0d:20:30:e1:6c",
                "nat": true,
                "nat_dns_record": [],
                "nat_ip_address": "89.169.133.37",
                "nat_ip_version": "IPV4",
                "security_group_ids": null,
                "subnet_id": "e9bvqu24p76ej7buo3tr"
              }
            ],
            "placement_policy": [
              {
                "host_affinity_rules": [],
                "placement_group_id": "",
                "placement_group_partition": 0
              }
            ],
            "platform_id": "standard-v1",
            "resources": [
              {
                "core_fraction": 100,
                "cores": 2,
                "gpus": 0,
                "memory": 2
              }
            ],
            "scheduling_policy": [
              {
                "preemptible": false
              }
            ],
            "secondary_disk": [],
            "service_account_id": "",
            "status": "running",
            "timeouts": null,
            "zone": "ru-central1-a"
          },
          "sensitive_attributes": [],
          "identity_schema_version": 0,
          "private": "eyJlMmJmYjczMC1lY2FhLTExZTYtOGY4OC0zNDM2M2JjN2M0YzAiOnsiY3JlYXRlIjozMDAwMDAwMDAwMDAsImRlbGV0ZSI6MzAwMDAwMDAwMDAwLCJ1cGRhdGUiOjMwMDAwMDAwMDAwMH0sInNjaGVtYV92ZXJzaW9uIjoiMSJ9",
          "dependencies": [
            "yandex_vpc_network.network-1",
            "yandex_vpc_subnet.subnet-1"
          ]
        }
      ]
    },
    {
      "mode": "managed",
      "type": "yandex_vpc_network",
      "name": "network-1",
      "provider": "provider[\"registry.terraform.io/yandex-cloud/yandex\"]",
      "instances": [
        {
          "schema_version": 0,
          "attributes": {
            "created_at": "2025-10-23T21:37:21Z",
            "default_security_group_id": "enpvbl0ecnubk291i53v",
            "description": "",
            "folder_id": "b1gpn6renldvhntu829h",
            "id": "enpe2os967s5kh6pjc95",
            "labels": {},
            "name": "from-terraform-network",
            "subnet_ids": [],
            "timeouts": null
          },
          "sensitive_attributes": [],
          "identity_schema_version": 0,
          "private": "eyJlMmJmYjczMC1lY2FhLTExZTYtOGY4OC0zNDM2M2JjN2M0YzAiOnsiY3JlYXRlIjo2MDAwMDAwMDAwMCwiZGVsZXRlIjo2MDAwMDAwMDAwMCwidXBkYXRlIjo2MDAwMDAwMDAwMH19"
        }
      ]
    },
    {
      "mode": "managed",
      "type": "yandex_vpc_subnet",
      "name": "subnet-1",
      "provider": "provider[\"registry.terraform.io/yandex-cloud/yandex\"]",
      "instances": [
        {
          "schema_version": 0,
          "attributes": {
            "created_at": "2025-10-23T21:37:23Z",
            "description": "",
            "dhcp_options": [],
            "folder_id": "b1gpn6renldvhntu829h",
            "id": "e9bvqu24p76ej7buo3tr",
            "labels": {},
            "name": "from-terraform-subnet",
            "network_id": "enpe2os967s5kh6pjc95",
            "route_table_id": "",
            "timeouts": null,
            "v4_cidr_blocks": [
              "10.2.0.0/16"
            ],
            "v6_cidr_blocks": [],
            "zone": "ru-central1-a"
          },
          "sensitive_attributes": [],
          "identity_schema_version": 0,
          "private": "eyJlMmJmYjczMC1lY2FhLTExZTYtOGY4OC0zNDM2M2JjN2M0YzAiOnsiY3JlYXRlIjoxODAwMDAwMDAwMDAsImRlbGV0ZSI6MTgwMDAwMDAwMDAwLCJ1cGRhdGUiOjE4MDAwMDAwMDAwMH19",
          "dependencies": [
            "yandex_vpc_network.network-1"
          ]
        }
      ]
    }
  ],
  "check_results": null
}
